schema: '2.0'
stages:
  make_dataset:
    cmd: python src/make_dataset.py
    deps:
    - path: params.yaml
      md5: 6ecd96fa4c6e0a038427368854b7800b
      size: 1175
    - path: src/make_dataset.py
      md5: a1eb9ced52ba923d56652932a55cd0a6
      size: 1823
    outs:
    - path: Data/raw/test.csv
      md5: 2441e81e0da0c70d9268d56997de432c
      size: 11926397
    - path: Data/raw/train.csv
      md5: bd69c84dc4852bfe3c144e76383b27d8
      size: 44607983
  preprocess_data:
    cmd: python src/preprocess_data.py
    deps:
    - path: Data/raw/test.csv
      md5: 2441e81e0da0c70d9268d56997de432c
      size: 11926397
    - path: Data/raw/train.csv
      md5: bd69c84dc4852bfe3c144e76383b27d8
      size: 44607983
    - path: params.yaml
      md5: 6ecd96fa4c6e0a038427368854b7800b
      size: 1175
    - path: src/preprocess_data.py
      md5: 2368aaec6e6a8dd16ac71ccc04f79561
      size: 6133
    outs:
    - path: Data/processed/processed_train.csv
      md5: 7b3e6e6b07dd3600e6d021e916f0fa2d
      size: 133592267
